// !$*UTF8*$!
{
	archiveVersion = 1;
	classes = {
	};
	objectVersion = 48;
	objects = {

/* Begin PBXBuildFile section */
		02493518203A7AEE00A9A5BD /* AppDelegate.swift in Sources */ = {isa = PBXBuildFile; fileRef = 02493517203A7AEE00A9A5BD /* AppDelegate.swift */; };
		0249351A203A7AEE00A9A5BD /* ConcentrationViewController.swift in Sources */ = {isa = PBXBuildFile; fileRef = 02493519203A7AEE00A9A5BD /* ConcentrationViewController.swift */; };
		0249351F203A7AEE00A9A5BD /* Assets.xcassets in Resources */ = {isa = PBXBuildFile; fileRef = 0249351E203A7AEE00A9A5BD /* Assets.xcassets */; };
		02493522203A7AEE00A9A5BD /* LaunchScreen.storyboard in Resources */ = {isa = PBXBuildFile; fileRef = 02493520203A7AEE00A9A5BD /* LaunchScreen.storyboard */; };
		0249352D203A7AEE00A9A5BD /* MatcherTests.swift in Sources */ = {isa = PBXBuildFile; fileRef = 0249352C203A7AEE00A9A5BD /* MatcherTests.swift */; };
		02493538203A7AEE00A9A5BD /* MatcherUITests.swift in Sources */ = {isa = PBXBuildFile; fileRef = 02493537203A7AEE00A9A5BD /* MatcherUITests.swift */; };
		02493547203A7B5C00A9A5BD /* Card.swift in Sources */ = {isa = PBXBuildFile; fileRef = 02493546203A7B5C00A9A5BD /* Card.swift */; };
		02493549203A7B7F00A9A5BD /* Concentration.swift in Sources */ = {isa = PBXBuildFile; fileRef = 02493548203A7B7F00A9A5BD /* Concentration.swift */; };
		0249354B203A7BDB00A9A5BD /* ConcentrationThemeChooserViewController.swift in Sources */ = {isa = PBXBuildFile; fileRef = 0249354A203A7BDB00A9A5BD /* ConcentrationThemeChooserViewController.swift */; };
		0249354D203A7C6B00A9A5BD /* Main.storyboard in Resources */ = {isa = PBXBuildFile; fileRef = 0249354C203A7C6B00A9A5BD /* Main.storyboard */; };
		0249354E203A7C6B00A9A5BD /* Main.storyboard in Resources */ = {isa = PBXBuildFile; fileRef = 0249354C203A7C6B00A9A5BD /* Main.storyboard */; };
		0249354F203A7C6B00A9A5BD /* Main.storyboard in Resources */ = {isa = PBXBuildFile; fileRef = 0249354C203A7C6B00A9A5BD /* Main.storyboard */; };
/* End PBXBuildFile section */

/* Begin PBXContainerItemProxy section */
		02493529203A7AEE00A9A5BD /* PBXContainerItemProxy */ = {
			isa = PBXContainerItemProxy;
			containerPortal = 0249350C203A7AEE00A9A5BD /* Project object */;
			proxyType = 1;
			remoteGlobalIDString = 02493513203A7AEE00A9A5BD;
			remoteInfo = Matcher;
		};
		02493534203A7AEE00A9A5BD /* PBXContainerItemProxy */ = {
			isa = PBXContainerItemProxy;
			containerPortal = 0249350C203A7AEE00A9A5BD /* Project object */;
			proxyType = 1;
			remoteGlobalIDString = 02493513203A7AEE00A9A5BD;
			remoteInfo = Matcher;
		};
/* End PBXContainerItemProxy section */

/* Begin PBXFileReference section */
		02493514203A7AEE00A9A5BD /* Matcher.app */ = {isa = PBXFileReference; explicitFileType = wrapper.application; includeInIndex = 0; path = Matcher.app; sourceTree = BUILT_PRODUCTS_DIR; };
		02493517203A7AEE00A9A5BD /* AppDelegate.swift */ = {isa = PBXFileReference; lastKnownFileType = sourcecode.swift; path = AppDelegate.swift; sourceTree = "<group>"; };
		02493519203A7AEE00A9A5BD /* ConcentrationViewController.swift */ = {isa = PBXFileReference; lastKnownFileType = sourcecode.swift; path = ConcentrationViewController.swift; sourceTree = "<group>"; };
		0249351E203A7AEE00A9A5BD /* Assets.xcassets */ = {isa = PBXFileReference; lastKnownFileType = folder.assetcatalog; path = Assets.xcassets; sourceTree = "<group>"; };
		02493521203A7AEE00A9A5BD /* Base */ = {isa = PBXFileReference; lastKnownFileType = file.storyboard; name = Base; path = Base.lproj/LaunchScreen.storyboard; sourceTree = "<group>"; };
		02493523203A7AEE00A9A5BD /* Info.plist */ = {isa = PBXFileReference; lastKnownFileType = text.plist.xml; path = Info.plist; sourceTree = "<group>"; };
		02493528203A7AEE00A9A5BD /* MatcherTests.xctest */ = {isa = PBXFileReference; explicitFileType = wrapper.cfbundle; includeInIndex = 0; path = MatcherTests.xctest; sourceTree = BUILT_PRODUCTS_DIR; };
		0249352C203A7AEE00A9A5BD /* MatcherTests.swift */ = {isa = PBXFileReference; lastKnownFileType = sourcecode.swift; path = MatcherTests.swift; sourceTree = "<group>"; };
		0249352E203A7AEE00A9A5BD /* Info.plist */ = {isa = PBXFileReference; lastKnownFileType = text.plist.xml; path = Info.plist; sourceTree = "<group>"; };
		02493533203A7AEE00A9A5BD /* MatcherUITests.xctest */ = {isa = PBXFileReference; explicitFileType = wrapper.cfbundle; includeInIndex = 0; path = MatcherUITests.xctest; sourceTree = BUILT_PRODUCTS_DIR; };
		02493537203A7AEE00A9A5BD /* MatcherUITests.swift */ = {isa = PBXFileReference; lastKnownFileType = sourcecode.swift; path = MatcherUITests.swift; sourceTree = "<group>"; };
		02493539203A7AEE00A9A5BD /* Info.plist */ = {isa = PBXFileReference; lastKnownFileType = text.plist.xml; path = Info.plist; sourceTree = "<group>"; };
		02493546203A7B5C00A9A5BD /* Card.swift */ = {isa = PBXFileReference; lastKnownFileType = sourcecode.swift; path = Card.swift; sourceTree = "<group>"; };
		02493548203A7B7F00A9A5BD /* Concentration.swift */ = {isa = PBXFileReference; lastKnownFileType = sourcecode.swift; path = Concentration.swift; sourceTree = "<group>"; };
		0249354A203A7BDB00A9A5BD /* ConcentrationThemeChooserViewController.swift */ = {isa = PBXFileReference; lastKnownFileType = sourcecode.swift; path = ConcentrationThemeChooserViewController.swift; sourceTree = "<group>"; };
		0249354C203A7C6B00A9A5BD /* Main.storyboard */ = {isa = PBXFileReference; fileEncoding = 4; lastKnownFileType = file.storyboard; path = Main.storyboard; sourceTree = "<group>"; };
/* End PBXFileReference section */

/* Begin PBXFrameworksBuildPhase section */
		02493511203A7AEE00A9A5BD /* Frameworks */ = {
			isa = PBXFrameworksBuildPhase;
			buildActionMask = 2147483647;
			files = (
			);
			runOnlyForDeploymentPostprocessing = 0;
		};
		02493525203A7AEE00A9A5BD /* Frameworks */ = {
			isa = PBXFrameworksBuildPhase;
			buildActionMask = 2147483647;
			files = (
			);
			runOnlyForDeploymentPostprocessing = 0;
		};
		02493530203A7AEE00A9A5BD /* Frameworks */ = {
			isa = PBXFrameworksBuildPhase;
			buildActionMask = 2147483647;
			files = (
			);
			runOnlyForDeploymentPostprocessing = 0;
		};
/* End PBXFrameworksBuildPhase section */

/* Begin PBXGroup section */
		0249350B203A7AEE00A9A5BD = {
			isa = PBXGroup;
			children = (
				02493516203A7AEE00A9A5BD /* Matcher */,
				0249352B203A7AEE00A9A5BD /* MatcherTests */,
				02493536203A7AEE00A9A5BD /* MatcherUITests */,
				02493515203A7AEE00A9A5BD /* Products */,
			);
			sourceTree = "<group>";
		};
		02493515203A7AEE00A9A5BD /* Products */ = {
			isa = PBXGroup;
			children = (
				02493514203A7AEE00A9A5BD /* Matcher.app */,
				02493528203A7AEE00A9A5BD /* MatcherTests.xctest */,
				02493533203A7AEE00A9A5BD /* MatcherUITests.xctest */,
			);
			name = Products;
			sourceTree = "<group>";
		};
		02493516203A7AEE00A9A5BD /* Matcher */ = {
			isa = PBXGroup;
			children = (
				02493545203A7B4200A9A5BD /* Supporting Files */,
				02493519203A7AEE00A9A5BD /* ConcentrationViewController.swift */,
				02493546203A7B5C00A9A5BD /* Card.swift */,
				02493548203A7B7F00A9A5BD /* Concentration.swift */,
				0249354A203A7BDB00A9A5BD /* ConcentrationThemeChooserViewController.swift */,
				0249354C203A7C6B00A9A5BD /* Main.storyboard */,
				02493523203A7AEE00A9A5BD /* Info.plist */,
			);
			path = Matcher;
			sourceTree = "<group>";
		};
		0249352B203A7AEE00A9A5BD /* MatcherTests */ = {
			isa = PBXGroup;
			children = (
				0249352C203A7AEE00A9A5BD /* MatcherTests.swift */,
				0249352E203A7AEE00A9A5BD /* Info.plist */,
			);
			path = MatcherTests;
			sourceTree = "<group>";
		};
		02493536203A7AEE00A9A5BD /* MatcherUITests */ = {
			isa = PBXGroup;
			children = (
				02493537203A7AEE00A9A5BD /* MatcherUITests.swift */,
				02493539203A7AEE00A9A5BD /* Info.plist */,
			);
			path = MatcherUITests;
			sourceTree = "<group>";
		};
		02493545203A7B4200A9A5BD /* Supporting Files */ = {
			isa = PBXGroup;
			children = (
				02493517203A7AEE00A9A5BD /* AppDelegate.swift */,
				0249351E203A7AEE00A9A5BD /* Assets.xcassets */,
				02493520203A7AEE00A9A5BD /* LaunchScreen.storyboard */,
			);
			path = "Supporting Files";
			sourceTree = "<group>";
		};
/* End PBXGroup section */

/* Begin PBXNativeTarget section */
		02493513203A7AEE00A9A5BD /* Matcher */ = {
			isa = PBXNativeTarget;
			buildConfigurationList = 0249353C203A7AEE00A9A5BD /* Build configuration list for PBXNativeTarget "Matcher" */;
			buildPhases = (
				02493510203A7AEE00A9A5BD /* Sources */,
				02493511203A7AEE00A9A5BD /* Frameworks */,
				02493512203A7AEE00A9A5BD /* Resources */,
			);
			buildRules = (
			);
			dependencies = (
			);
			name = Matcher;
			productName = Matcher;
			productReference = 02493514203A7AEE00A9A5BD /* Matcher.app */;
			productType = "com.apple.product-type.application";
		};
		02493527203A7AEE00A9A5BD /* MatcherTests */ = {
			isa = PBXNativeTarget;
			buildConfigurationList = 0249353F203A7AEE00A9A5BD /* Build configuration list for PBXNativeTarget "MatcherTests" */;
			buildPhases = (
				02493524203A7AEE00A9A5BD /* Sources */,
				02493525203A7AEE00A9A5BD /* Frameworks */,
				02493526203A7AEE00A9A5BD /* Resources */,
			);
			buildRules = (
			);
			dependencies = (
				0249352A203A7AEE00A9A5BD /* PBXTargetDependency */,
			);
			name = MatcherTests;
			productName = MatcherTests;
			productReference = 02493528203A7AEE00A9A5BD /* MatcherTests.xctest */;
			productType = "com.apple.product-type.bundle.unit-test";
		};
		02493532203A7AEE00A9A5BD /* MatcherUITests */ = {
			isa = PBXNativeTarget;
			buildConfigurationList = 02493542203A7AEE00A9A5BD /* Build configuration list for PBXNativeTarget "MatcherUITests" */;
			buildPhases = (
				0249352F203A7AEE00A9A5BD /* Sources */,
				02493530203A7AEE00A9A5BD /* Frameworks */,
				02493531203A7AEE00A9A5BD /* Resources */,
			);
			buildRules = (
			);
			dependencies = (
				02493535203A7AEE00A9A5BD /* PBXTargetDependency */,
			);
			name = MatcherUITests;
			productName = MatcherUITests;
			productReference = 02493533203A7AEE00A9A5BD /* MatcherUITests.xctest */;
			productType = "com.apple.product-type.bundle.ui-testing";
		};
/* End PBXNativeTarget section */

/* Begin PBXProject section */
		0249350C203A7AEE00A9A5BD /* Project object */ = {
			isa = PBXProject;
			attributes = {
				LastSwiftUpdateCheck = 0920;
				LastUpgradeCheck = 0920;
				ORGANIZATIONNAME = "Pulkit Agarwal";
				TargetAttributes = {
					02493513203A7AEE00A9A5BD = {
						CreatedOnToolsVersion = 9.2;
						ProvisioningStyle = Automatic;
					};
					02493527203A7AEE00A9A5BD = {
						CreatedOnToolsVersion = 9.2;
						ProvisioningStyle = Automatic;
						TestTargetID = 02493513203A7AEE00A9A5BD;
					};
					02493532203A7AEE00A9A5BD = {
						CreatedOnToolsVersion = 9.2;
						ProvisioningStyle = Automatic;
						TestTargetID = 02493513203A7AEE00A9A5BD;
					};
				};
			};
			buildConfigurationList = 0249350F203A7AEE00A9A5BD /* Build configuration list for PBXProject "Matcher" */;
			compatibilityVersion = "Xcode 8.0";
			developmentRegion = en;
			hasScannedForEncodings = 0;
			knownRegions = (
				en,
				Base,
			);
			mainGroup = 0249350B203A7AEE00A9A5BD;
			productRefGroup = 02493515203A7AEE00A9A5BD /* Products */;
			projectDirPath = "";
			projectRoot = "";
			targets = (
				02493513203A7AEE00A9A5BD /* Matcher */,
				02493527203A7AEE00A9A5BD /* MatcherTests */,
				02493532203A7AEE00A9A5BD /* MatcherUITests */,
			);
		};
/* End PBXProject section */

/* Begin PBXResourcesBuildPhase section */
		02493512203A7AEE00A9A5BD /* Resources */ = {
			isa = PBXResourcesBuildPhase;
			buildActionMask = 2147483647;
			files = (
				02493522203A7AEE00A9A5BD /* LaunchScreen.storyboard in Resources */,
				0249351F203A7AEE00A9A5BD /* Assets.xcassets in Resources */,
				0249354D203A7C6B00A9A5BD /* Main.storyboard in Resources */,
			);
			runOnlyForDeploymentPostprocessing = 0;
		};
		02493526203A7AEE00A9A5BD /* Resources */ = {
			isa = PBXResourcesBuildPhase;
			buildActionMask = 2147483647;
			files = (
				0249354E203A7C6B00A9A5BD /* Main.storyboard in Resources */,
			);
			runOnlyForDeploymentPostprocessing = 0;
		};
		02493531203A7AEE00A9A5BD /* Resources */ = {
			isa = PBXResourcesBuildPhase;
			buildActionMask = 2147483647;
			files = (
				0249354F203A7C6B00A9A5BD /* Main.storyboard in Resources */,
			);
			runOnlyForDeploymentPostprocessing = 0;
		};
/* End PBXResourcesBuildPhase section */

/* Begin PBXSourcesBuildPhase section */
		02493510203A7AEE00A9A5BD /* Sources */ = {
			isa = PBXSourcesBuildPhase;
			buildActionMask = 2147483647;
			files = (
				0249354B203A7BDB00A9A5BD /* ConcentrationThemeChooserViewController.swift in Sources */,
				0249351A203A7AEE00A9A5BD /* ConcentrationViewController.swift in Sources */,
				02493549203A7B7F00A9A5BD /* Concentration.swift in Sources */,
				02493547203A7B5C00A9A5BD /* Card.swift in Sources */,
				02493518203A7AEE00A9A5BD /* AppDelegate.swift in Sources */,
			);
			runOnlyForDeploymentPostprocessing = 0;
		};
		02493524203A7AEE00A9A5BD /* Sources */ = {
			isa = PBXSourcesBuildPhase;
			buildActionMask = 2147483647;
			files = (
				0249352D203A7AEE00A9A5BD /* MatcherTests.swift in Sources */,
			);
			runOnlyForDeploymentPostprocessing = 0;
		};
		0249352F203A7AEE00A9A5BD /* Sources */ = {
			isa = PBXSourcesBuildPhase;
			buildActionMask = 2147483647;
			files = (
				02493538203A7AEE00A9A5BD /* MatcherUITests.swift in Sources */,
			);
			runOnlyForDeploymentPostprocessing = 0;
		};
/* End PBXSourcesBuildPhase section */

/* Begin PBXTargetDependency section */
		0249352A203A7AEE00A9A5BD /* PBXTargetDependency */ = {
			isa = PBXTargetDependency;
			target = 02493513203A7AEE00A9A5BD /* Matcher */;
			targetProxy = 02493529203A7AEE00A9A5BD /* PBXContainerItemProxy */;
		};
		02493535203A7AEE00A9A5BD /* PBXTargetDependency */ = {
			isa = PBXTargetDependency;
			target = 02493513203A7AEE00A9A5BD /* Matcher */;
			targetProxy = 02493534203A7AEE00A9A5BD /* PBXContainerItemProxy */;
		};
/* End PBXTargetDependency section */

/* Begin PBXVariantGroup section */
		02493520203A7AEE00A9A5BD /* LaunchScreen.storyboard */ = {
			isa = PBXVariantGroup;
			children = (
				02493521203A7AEE00A9A5BD /* Base */,
			);
			name = LaunchScreen.storyboard;
			sourceTree = "<group>";
		};
/* End PBXVariantGroup section */

/* Begin XCBuildConfiguration section */
		0249353A203A7AEE00A9A5BD /* Debug */ = {
			isa = XCBuildConfiguration;
			buildSettings = {
				ALWAYS_SEARCH_USER_PATHS = NO;
				CLANG_ANALYZER_NONNULL = YES;
				CLANG_ANALYZER_NUMBER_OBJECT_CONVERSION = YES_AGGRESSIVE;
				CLANG_CXX_LANGUAGE_STANDARD = "gnu++14";
				CLANG_CXX_LIBRARY = "libc++";
				CLANG_ENABLE_MODULES = YES;
				CLANG_ENABLE_OBJC_ARC = YES;
				CLANG_WARN_BLOCK_CAPTURE_AUTORELEASING = YES;
				CLANG_WARN_BOOL_CONVERSION = YES;
				CLANG_WARN_COMMA = YES;
				CLANG_WARN_CONSTANT_CONVERSION = YES;
				CLANG_WARN_DIRECT_OBJC_ISA_USAGE = YES_ERROR;
				CLANG_WARN_DOCUMENTATION_COMMENTS = YES;
				CLANG_WARN_EMPTY_BODY = YES;
				CLANG_WARN_ENUM_CONVERSION = YES;
				CLANG_WARN_INFINITE_RECURSION = YES;
				CLANG_WARN_INT_CONVERSION = YES;
				CLANG_WARN_NON_LITERAL_NULL_CONVERSION = YES;
				CLANG_WARN_OBJC_LITERAL_CONVERSION = YES;
				CLANG_WARN_OBJC_ROOT_CLASS = YES_ERROR;
				CLANG_WARN_RANGE_LOOP_ANALYSIS = YES;
				CLANG_WARN_STRICT_PROTOTYPES = YES;
				CLANG_WARN_SUSPICIOUS_MOVE = YES;
				CLANG_WARN_UNGUARDED_AVAILABILITY = YES_AGGRESSIVE;
				CLANG_WARN_UNREACHABLE_CODE = YES;
				CLANG_WARN__DUPLICATE_METHOD_MATCH = YES;
				CODE_SIGN_IDENTITY = "iPhone Developer";
				COPY_PHASE_STRIP = NO;
				DEBUG_INFORMATION_FORMAT = dwarf;
				ENABLE_STRICT_OBJC_MSGSEND = YES;
				ENABLE_TESTABILITY = YES;
				GCC_C_LANGUAGE_STANDARD = gnu11;
				GCC_DYNAMIC_NO_PIC = NO;
				GCC_NO_COMMON_BLOCKS = YES;
				GCC_OPTIMIZATION_LEVEL = 0;
				GCC_PREPROCESSOR_DEFINITIONS = (
					"DEBUG=1",
					"$(inherited)",
				);
				GCC_WARN_64_TO_32_BIT_CONVERSION = YES;
				GCC_WARN_ABOUT_RETURN_TYPE = YES_ERROR;
				GCC_WARN_UNDECLARED_SELECTOR = YES;
				GCC_WARN_UNINITIALIZED_AUTOS = YES_AGGRESSIVE;
				GCC_WARN_UNUSED_FUNCTION = YES;
				GCC_WARN_UNUSED_VARIABLE = YES;
				IPHONEOS_DEPLOYMENT_TARGET = 11.2;
				MTL_ENABLE_DEBUG_INFO = YES;
				ONLY_ACTIVE_ARCH = YES;
				SDKROOT = iphoneos;
				SWIFT_ACTIVE_COMPILATION_CONDITIONS = DEBUG;
				SWIFT_OPTIMIZATION_LEVEL = "-Onone";
			};
			name = Debug;
		};
		0249353B203A7AEE00A9A5BD /* Release */ = {
			isa = XCBuildConfiguration;
			buildSettings = {
				ALWAYS_SEARCH_USER_PATHS = NO;
				CLANG_ANALYZER_NONNULL = YES;
				CLANG_ANALYZER_NUMBER_OBJECT_CONVERSION = YES_AGGRESSIVE;
				CLANG_CXX_LANGUAGE_STANDARD = "gnu++14";
				CLANG_CXX_LIBRARY = "libc++";
				CLANG_ENABLE_MODULES = YES;
				CLANG_ENABLE_OBJC_ARC = YES;
				CLANG_WARN_BLOCK_CAPTURE_AUTORELEASING = YES;
				CLANG_WARN_BOOL_CONVERSION = YES;
				CLANG_WARN_COMMA = YES;
				CLANG_WARN_CONSTANT_CONVERSION = YES;
				CLANG_WARN_DIRECT_OBJC_ISA_USAGE = YES_ERROR;
				CLANG_WARN_DOCUMENTATION_COMMENTS = YES;
				CLANG_WARN_EMPTY_BODY = YES;
				CLANG_WARN_ENUM_CONVERSION = YES;
				CLANG_WARN_INFINITE_RECURSION = YES;
				CLANG_WARN_INT_CONVERSION = YES;
				CLANG_WARN_NON_LITERAL_NULL_CONVERSION = YES;
				CLANG_WARN_OBJC_LITERAL_CONVERSION = YES;
				CLANG_WARN_OBJC_ROOT_CLASS = YES_ERROR;
				CLANG_WARN_RANGE_LOOP_ANALYSIS = YES;
				CLANG_WARN_STRICT_PROTOTYPES = YES;
				CLANG_WARN_SUSPICIOUS_MOVE = YES;
				CLANG_WARN_UNGUARDED_AVAILABILITY = YES_AGGRESSIVE;
				CLANG_WARN_UNREACHABLE_CODE = YES;
				CLANG_WARN__DUPLICATE_METHOD_MATCH = YES;
				CODE_SIGN_IDENTITY = "iPhone Developer";
				COPY_PHASE_STRIP = NO;
				DEBUG_INFORMATION_FORMAT = "dwarf-with-dsym";
				ENABLE_NS_ASSERTIONS = NO;
				ENABLE_STRICT_OBJC_MSGSEND = YES;
				GCC_C_LANGUAGE_STANDARD = gnu11;
				GCC_NO_COMMON_BLOCKS = YES;
				GCC_WARN_64_TO_32_BIT_CONVERSION = YES;
				GCC_WARN_ABOUT_RETURN_TYPE = YES_ERROR;
				GCC_WARN_UNDECLARED_SELECTOR = YES;
				GCC_WARN_UNINITIALIZED_AUTOS = YES_AGGRESSIVE;
				GCC_WARN_UNUSED_FUNCTION = YES;
				GCC_WARN_UNUSED_VARIABLE = YES;
				IPHONEOS_DEPLOYMENT_TARGET = 11.2;
				MTL_ENABLE_DEBUG_INFO = NO;
				SDKROOT = iphoneos;
				SWIFT_OPTIMIZATION_LEVEL = "-Owholemodule";
				VALIDATE_PRODUCT = YES;
			};
			name = Release;
		};
		0249353D203A7AEE00A9A5BD /* Debug */ = {
			isa = XCBuildConfiguration;
			buildSettings = {
				ASSETCATALOG_COMPILER_APPICON_NAME = AppIcon;
				CODE_SIGN_STYLE = Automatic;
				INFOPLIST_FILE = Matcher/Info.plist;
				LD_RUNPATH_SEARCH_PATHS = "$(inherited) @executable_path/Frameworks";
				PRODUCT_BUNDLE_IDENTIFIER = stanford.cs.edu.Matcher;
				PRODUCT_NAME = "$(TARGET_NAME)";
				SWIFT_VERSION = 4.0;
				TARGETED_DEVICE_FAMILY = "1,2";
			};
			name = Debug;
		};
		0249353E203A7AEE00A9A5BD /* Release */ = {
			isa = XCBuildConfiguration;
			buildSettings = {
				ASSETCATALOG_COMPILER_APPICON_NAME = AppIcon;
				CODE_SIGN_STYLE = Automatic;
				INFOPLIST_FILE = Matcher/Info.plist;
				LD_RUNPATH_SEARCH_PATHS = "$(inherited) @executable_path/Frameworks";
				PRODUCT_BUNDLE_IDENTIFIER = stanford.cs.edu.Matcher;
				PRODUCT_NAME = "$(TARGET_NAME)";
				SWIFT_VERSION = 4.0;
				TARGETED_DEVICE_FAMILY = "1,2";
			};
			name = Release;
		};
		02493540203A7AEE00A9A5BD /* Debug */ = {
			isa = XCBuildConfiguration;
			buildSettings = {
				ALWAYS_EMBED_SWIFT_STANDARD_LIBRARIES = YES;
				BUNDLE_LOADER = "$(TEST_HOST)";
				CODE_SIGN_STYLE = Automatic;
				INFOPLIST_FILE = MatcherTests/Info.plist;
				LD_RUNPATH_SEARCH_PATHS = "$(inherited) @executable_path/Frameworks @loader_path/Frameworks";
				PRODUCT_BUNDLE_IDENTIFIER = stanford.cs.edu.MatcherTests;
				PRODUCT_NAME = "$(TARGET_NAME)";
				SWIFT_VERSION = 4.0;
				TARGETED_DEVICE_FAMILY = "1,2";
				TEST_HOST = "$(BUILT_PRODUCTS_DIR)/Matcher.app/Matcher";
			};
			name = Debug;
		};
		02493541203A7AEE00A9A5BD /* Release */ = {
			isa = XCBuildConfiguration;
			buildSettings = {
				ALWAYS_EMBED_SWIFT_STANDARD_LIBRARIES = YES;
				BUNDLE_LOADER = "$(TEST_HOST)";
				CODE_SIGN_STYLE = Automatic;
				INFOPLIST_FILE = MatcherTests/Info.plist;
				LD_RUNPATH_SEARCH_PATHS = "$(inherited) @executable_path/Frameworks @loader_path/Frameworks";
				PRODUCT_BUNDLE_IDENTIFIER = stanford.cs.edu.MatcherTests;
				PRODUCT_NAME = "$(TARGET_NAME)";
				SWIFT_VERSION = 4.0;
				TARGETED_DEVICE_FAMILY = "1,2";
				TEST_HOST = "$(BUILT_PRODUCTS_DIR)/Matcher.app/Matcher";
			};
			name = Release;
		};
		02493543203A7AEE00A9A5BD /* Debug */ = {
			isa = XCBuildConfiguration;
			buildSettings = {
				ALWAYS_EMBED_SWIFT_STANDARD_LIBRARIES = YES;
				CODE_SIGN_STYLE = Automatic;
				INFOPLIST_FILE = MatcherUITests/Info.plist;
				LD_RUNPATH_SEARCH_PATHS = "$(inherited) @executable_path/Frameworks @loader_path/Frameworks";
				PRODUCT_BUNDLE_IDENTIFIER = stanford.cs.edu.MatcherUITests;
				PRODUCT_NAME = "$(TARGET_NAME)";
				SWIFT_VERSION = 4.0;
				TARGETED_DEVICE_FAMILY = "1,2";
				TEST_TARGET_NAME = Matcher;
			};
			name = Debug;
		};
		02493544203A7AEE00A9A5BD /* Release */ = {
			isa = XCBuildConfiguration;
			buildSettings = {
				ALWAYS_EMBED_SWIFT_STANDARD_LIBRARIES = YES;
				CODE_SIGN_STYLE = Automatic;
				INFOPLIST_FILE = MatcherUITests/Info.plist;
				LD_RUNPATH_SEARCH_PATHS = "$(inherited) @executable_path/Frameworks @loader_path/Frameworks";
				PRODUCT_BUNDLE_IDENTIFIER = stanford.cs.edu.MatcherUITests;
				PRODUCT_NAME = "$(TARGET_NAME)";
				SWIFT_VERSION = 4.0;
				TARGETED_DEVICE_FAMILY = "1,2";
				TEST_TARGET_NAME = Matcher;
			};
			name = Release;
		};
/* End XCBuildConfiguration section */

/* Begin XCConfigurationList section */
		0249350F203A7AEE00A9A5BD /* Build configuration list for PBXProject "Matcher" */ = {
			isa = XCConfigurationList;
			buildConfigurations = (
				0249353A203A7AEE00A9A5BD /* Debug */,
				0249353B203A7AEE00A9A5BD /* Release */,
			);
			defaultConfigurationIsVisible = 0;
			defaultConfigurationName = Release;
		};
		0249353C203A7AEE00A9A5BD /* Build configuration list for PBXNativeTarget "Matcher" */ = {
			isa = XCConfigurationList;
			buildConfigurations = (
				0249353D203A7AEE00A9A5BD /* Debug */,
				0249353E203A7AEE00A9A5BD /* Release */,
			);
			defaultConfigurationIsVisible = 0;
			defaultConfigurationName = Release;
		};
		0249353F203A7AEE00A9A5BD /* Build configuration list for PBXNativeTarget "MatcherTests" */ = {
			isa = XCConfigurationList;
			buildConfigurations = (
				02493540203A7AEE00A9A5BD /* Debug */,
				02493541203A7AEE00A9A5BD /* Release */,
			);
			defaultConfigurationIsVisible = 0;
			defaultConfigurationName = Release;
		};
		02493542203A7AEE00A9A5BD /* Build configuration list for PBXNativeTarget "MatcherUITests" */ = {
			isa = XCConfigurationList;
			buildConfigurations = (
				02493543203A7AEE00A9A5BD /* Debug */,
				02493544203A7AEE00A9A5BD /* Release */,
			);
			defaultConfigurationIsVisible = 0;
			defaultConfigurationName = Release;
		};
/* End XCConfigurationList section */
	};
	rootObject = 0249350C203A7AEE00A9A5BD /* Project object */;
}
